
Microsoft Visual Studio Solution File, Format Version 12.00
# Visual Studio Version 16
VisualStudioVersion = 16.0.28803.202
MinimumVisualStudioVersion = 10.0.40219.1
Project("{9A19103F-16F7-4668-BE54-9A1E7A4F7556}") = "MadPay724.Data", "MadPay724.Data\MadPay724.Data.csproj", "{4426E5AF-A664-4ECC-9925-1DC35FA6B3C2}"
EndProject
Project("{9A19103F-16F7-4668-BE54-9A1E7A4F7556}") = "MadPay724.Common", "MadPay724.Common\MadPay724.Common.csproj", "{46C3BD01-1649-49D7-81EA-932422C9DBA2}"
EndProject
Project("{9A19103F-16F7-4668-BE54-9A1E7A4F7556}") = "MadPay724.Repo", "MadPay724.Repo\MadPay724.Repo.csproj", "{AC30C59B-FFD0-4BAE-9806-810D1D9ED6A7}"
EndProject
Project("{9A19103F-16F7-4668-BE54-9A1E7A4F7556}") = "MadPay724.Services", "MadPay724.Services\MadPay724.Services.csproj", "{AC29B43D-A79B-438C-ADD4-8BE1B6F47BEB}"
EndProject
Project("{9A19103F-16F7-4668-BE54-9A1E7A4F7556}") = "MadPay724.Presentation", "MadPay724.Presentation\MadPay724.Presentation.csproj", "{9F555ECD-276F-4989-8ACD-78A9CFCE51ED}"
EndProject
Project("{9A19103F-16F7-4668-BE54-9A1E7A4F7556}") = "MadPay724.Test", "MadPay724.Test\MadPay724.Test.csproj", "{C0F0DB0F-24C1-46B0-BC9C-BAB413996166}"
EndProject
Project("{9A19103F-16F7-4668-BE54-9A1E7A4F7556}") = "MadPay724.IdentityServer", "MadPay724.IdentityServer\MadPay724.IdentityServer.csproj", "{BE80B18B-A4F9-44D0-99BF-CD4CC2674076}"
EndProject
Project("{2150E333-8FDC-42A3-9474-1A3956D46DE8}") = "Test", "Test", "{68887BBB-98AB-410A-8AC9-398E91D68581}"
EndProject
Project("{9A19103F-16F7-4668-BE54-9A1E7A4F7556}") = "IdentityServer-Test-ConsoleApp", "IdentityServer-Test-ConsoleApp\IdentityServer-Test-ConsoleApp.csproj", "{7A0117D8-082D-4D04-948E-53D1BAD39363}"
EndProject
Project("{2150E333-8FDC-42A3-9474-1A3956D46DE8}") = "Core", "Core", "{658641EA-54A3-4C50-B1C2-892ABE1AD58E}"
EndProject
Project("{2150E333-8FDC-42A3-9474-1A3956D46DE8}") = "UI", "UI", "{C02987BD-1D05-490D-960A-3162354705EE}"
EndProject
Project("{2150E333-8FDC-42A3-9474-1A3956D46DE8}") = "Infrastructure", "Infrastructure", "{D71346D4-A350-4004-8593-5080CD0E6D03}"
EndProject
Project("{2150E333-8FDC-42A3-9474-1A3956D46DE8}") = "Service", "Service", "{F2EF195A-28AD-4F48-AE8E-70F72B1F8BFE}"
EndProject
Project("{9A19103F-16F7-4668-BE54-9A1E7A4F7556}") = "MadPay724.Api", "MadPay724.Api\MadPay724.Api.csproj", "{17B3BB04-BCAF-4C31-91CA-0C4BC54B4CF6}"
EndProject
Project("{9A19103F-16F7-4668-BE54-9A1E7A4F7556}") = "MadPay724.Payment", "MadPay724.Payment\MadPay724.Payment.csproj", "{EC699579-D254-4326-948D-A94CAC13E0C3}"
EndProject
Project("{FAE04EC0-301F-11D3-BF4B-00C04F79EFBC}") = "aaaaaa", "aaaaaa\aaaaaa.csproj", "{5031E6C5-FE45-400C-85D0-0C7CCDE1D5E7}"
EndProject
Global
	GlobalSection(SolutionConfigurationPlatforms) = preSolution
		Debug|Any CPU = Debug|Any CPU
		Release|Any CPU = Release|Any CPU
	EndGlobalSection
	GlobalSection(ProjectConfigurationPlatforms) = postSolution
		{4426E5AF-A664-4ECC-9925-1DC35FA6B3C2}.Debug|Any CPU.ActiveCfg = Debug|Any CPU
		{4426E5AF-A664-4ECC-9925-1DC35FA6B3C2}.Debug|Any CPU.Build.0 = Debug|Any CPU
		{4426E5AF-A664-4ECC-9925-1DC35FA6B3C2}.Release|Any CPU.ActiveCfg = Release|Any CPU
		{4426E5AF-A664-4ECC-9925-1DC35FA6B3C2}.Release|Any CPU.Build.0 = Release|Any CPU
		{46C3BD01-1649-49D7-81EA-932422C9DBA2}.Debug|Any CPU.ActiveCfg = Debug|Any CPU
		{46C3BD01-1649-49D7-81EA-932422C9DBA2}.Debug|Any CPU.Build.0 = Debug|Any CPU
		{46C3BD01-1649-49D7-81EA-932422C9DBA2}.Release|Any CPU.ActiveCfg = Release|Any CPU
		{46C3BD01-1649-49D7-81EA-932422C9DBA2}.Release|Any CPU.Build.0 = Release|Any CPU
		{AC30C59B-FFD0-4BAE-9806-810D1D9ED6A7}.Debug|Any CPU.ActiveCfg = Debug|Any CPU
		{AC30C59B-FFD0-4BAE-9806-810D1D9ED6A7}.Debug|Any CPU.Build.0 = Debug|Any CPU
		{AC30C59B-FFD0-4BAE-9806-810D1D9ED6A7}.Release|Any CPU.ActiveCfg = Release|Any CPU
		{AC30C59B-FFD0-4BAE-9806-810D1D9ED6A7}.Release|Any CPU.Build.0 = Release|Any CPU
		{AC29B43D-A79B-438C-ADD4-8BE1B6F47BEB}.Debug|Any CPU.ActiveCfg = Debug|Any CPU
		{AC29B43D-A79B-438C-ADD4-8BE1B6F47BEB}.Debug|Any CPU.Build.0 = Debug|Any CPU
		{AC29B43D-A79B-438C-ADD4-8BE1B6F47BEB}.Release|Any CPU.ActiveCfg = Release|Any CPU
		{AC29B43D-A79B-438C-ADD4-8BE1B6F47BEB}.Release|Any CPU.Build.0 = Release|Any CPU
		{9F555ECD-276F-4989-8ACD-78A9CFCE51ED}.Debug|Any CPU.ActiveCfg = Debug|Any CPU
		{9F555ECD-276F-4989-8ACD-78A9CFCE51ED}.Debug|Any CPU.Build.0 = Debug|Any CPU
		{9F555ECD-276F-4989-8ACD-78A9CFCE51ED}.Release|Any CPU.ActiveCfg = Release|Any CPU
		{9F555ECD-276F-4989-8ACD-78A9CFCE51ED}.Release|Any CPU.Build.0 = Release|Any CPU
		{C0F0DB0F-24C1-46B0-BC9C-BAB413996166}.Debug|Any CPU.ActiveCfg = Debug|Any CPU
		{C0F0DB0F-24C1-46B0-BC9C-BAB413996166}.Debug|Any CPU.Build.0 = Debug|Any CPU
		{C0F0DB0F-24C1-46B0-BC9C-BAB413996166}.Release|Any CPU.ActiveCfg = Release|Any CPU
		{C0F0DB0F-24C1-46B0-BC9C-BAB413996166}.Release|Any CPU.Build.0 = Release|Any CPU
		{BE80B18B-A4F9-44D0-99BF-CD4CC2674076}.Debug|Any CPU.ActiveCfg = Debug|Any CPU
		{BE80B18B-A4F9-44D0-99BF-CD4CC2674076}.Debug|Any CPU.Build.0 = Debug|Any CPU
		{BE80B18B-A4F9-44D0-99BF-CD4CC2674076}.Release|Any CPU.ActiveCfg = Release|Any CPU
		{BE80B18B-A4F9-44D0-99BF-CD4CC2674076}.Release|Any CPU.Build.0 = Release|Any CPU
		{7A0117D8-082D-4D04-948E-53D1BAD39363}.Debug|Any CPU.ActiveCfg = Debug|Any CPU
		{7A0117D8-082D-4D04-948E-53D1BAD39363}.Debug|Any CPU.Build.0 = Debug|Any CPU
		{7A0117D8-082D-4D04-948E-53D1BAD39363}.Release|Any CPU.ActiveCfg = Release|Any CPU
		{7A0117D8-082D-4D04-948E-53D1BAD39363}.Release|Any CPU.Build.0 = Release|Any CPU
		{17B3BB04-BCAF-4C31-91CA-0C4BC54B4CF6}.Debug|Any CPU.ActiveCfg = Debug|Any CPU
		{17B3BB04-BCAF-4C31-91CA-0C4BC54B4CF6}.Debug|Any CPU.Build.0 = Debug|Any CPU
		{17B3BB04-BCAF-4C31-91CA-0C4BC54B4CF6}.Release|Any CPU.ActiveCfg = Release|Any CPU
		{17B3BB04-BCAF-4C31-91CA-0C4BC54B4CF6}.Release|Any CPU.Build.0 = Release|Any CPU
		{EC699579-D254-4326-948D-A94CAC13E0C3}.Debug|Any CPU.ActiveCfg = Debug|Any CPU
		{EC699579-D254-4326-948D-A94CAC13E0C3}.Debug|Any CPU.Build.0 = Debug|Any CPU
		{EC699579-D254-4326-948D-A94CAC13E0C3}.Release|Any CPU.ActiveCfg = Release|Any CPU
		{EC699579-D254-4326-948D-A94CAC13E0C3}.Release|Any CPU.Build.0 = Release|Any CPU
		{5031E6C5-FE45-400C-85D0-0C7CCDE1D5E7}.Debug|Any CPU.ActiveCfg = Debug|Any CPU
		{5031E6C5-FE45-400C-85D0-0C7CCDE1D5E7}.Debug|Any CPU.Build.0 = Debug|Any CPU
		{5031E6C5-FE45-400C-85D0-0C7CCDE1D5E7}.Release|Any CPU.ActiveCfg = Release|Any CPU
		{5031E6C5-FE45-400C-85D0-0C7CCDE1D5E7}.Release|Any CPU.Build.0 = Release|Any CPU
	EndGlobalSection
	GlobalSection(SolutionProperties) = preSolution
		HideSolutionNode = FALSE
	EndGlobalSection
	GlobalSection(NestedProjects) = preSolution
		{4426E5AF-A664-4ECC-9925-1DC35FA6B3C2} = {658641EA-54A3-4C50-B1C2-892ABE1AD58E}
		{46C3BD01-1649-49D7-81EA-932422C9DBA2} = {658641EA-54A3-4C50-B1C2-892ABE1AD58E}
		{AC30C59B-FFD0-4BAE-9806-810D1D9ED6A7} = {D71346D4-A350-4004-8593-5080CD0E6D03}
		{AC29B43D-A79B-438C-ADD4-8BE1B6F47BEB} = {F2EF195A-28AD-4F48-AE8E-70F72B1F8BFE}
		{9F555ECD-276F-4989-8ACD-78A9CFCE51ED} = {C02987BD-1D05-490D-960A-3162354705EE}
		{C0F0DB0F-24C1-46B0-BC9C-BAB413996166} = {68887BBB-98AB-410A-8AC9-398E91D68581}
		{BE80B18B-A4F9-44D0-99BF-CD4CC2674076} = {F2EF195A-28AD-4F48-AE8E-70F72B1F8BFE}
		{7A0117D8-082D-4D04-948E-53D1BAD39363} = {68887BBB-98AB-410A-8AC9-398E91D68581}
		{17B3BB04-BCAF-4C31-91CA-0C4BC54B4CF6} = {C02987BD-1D05-490D-960A-3162354705EE}
		{EC699579-D254-4326-948D-A94CAC13E0C3} = {C02987BD-1D05-490D-960A-3162354705EE}
		{5031E6C5-FE45-400C-85D0-0C7CCDE1D5E7} = {C02987BD-1D05-490D-960A-3162354705EE}
	EndGlobalSection
	GlobalSection(ExtensibilityGlobals) = postSolution
		SolutionGuid = {9548B004-6AD5-4201-B3D2-60A91C6EE88A}
	EndGlobalSection
EndGlobal
